
Microsoft Visual Studio Solution File, Format Version 12.00
# Visual Studio Version 16
VisualStudioVersion = 16.0.31911.196
MinimumVisualStudioVersion = 10.0.40219.1
Project("{9A19103F-16F7-4668-BE54-9A1E7A4F7556}") = "Intercept", "Intercept\Intercept.csproj", "{866CD051-9E70-4D1F-8F89-7A4122D3D5B3}"
EndProject
Global
	GlobalSection(SolutionConfigurationPlatforms) = preSolution
		Debug|Any CPU = Debug|Any CPU
		Release|Any CPU = Release|Any CPU
	EndGlobalSection
	GlobalSection(ProjectConfigurationPlatforms) = postSolution
		{866CD051-9E70-4D1F-8F89-7A4122D3D5B3}.Debug|Any CPU.ActiveCfg = Debug|Any CPU
		{866CD051-9E70-4D1F-8F89-7A4122D3D5B3}.Debug|Any CPU.Build.0 = Debug|Any CPU
		{866CD051-9E70-4D1F-8F89-7A4122D3D5B3}.Release|Any CPU.ActiveCfg = Release|Any CPU
		{866CD051-9E70-4D1F-8F89-7A4122D3D5B3}.Release|Any CPU.Build.0 = Release|Any CPU
	EndGlobalSection
	GlobalSection(SolutionProperties) = preSolution
		HideSolutionNode = FALSE
	EndGlobalSection
	GlobalSection(ExtensibilityGlobals) = postSolution
		SolutionGuid = {C218EC73-01C5-4A07-BA86-56BECB7A666B}
	EndGlobalSection
EndGlobal
